{
  "name": "MultirunMem",
  "lockfileVersion": 3,
  "requires": true,
  "packages": {
    "": {
      "dependencies": {
        "liquid-web": "^1.1.1"
      }
    },
    "node_modules/liquid-web": {
      "version": "1.1.1",
      "resolved": "https://registry.npmjs.org/liquid-web/-/liquid-web-1.1.1.tgz",
      "integrity": "sha512-JzJIOvalHOkNGmiBhyw3yscn9CCCRvHmI/IFBTevCxW7OyHRuuUXVED5wX3sBx7+npggFWhUPWzTpC3sFGuMVA==",
      "license": "MIT"
    }
  }
}
